
Microsoft Visual Studio Solution File, Format Version 12.00
# Visual Studio Version 16
VisualStudioVersion = 16.0.31729.503
MinimumVisualStudioVersion = 10.0.40219.1
Project("{FAE04EC0-301F-11D3-BF4B-00C04F79EFBC}") = "VigoCarCompany", "VigoCarCompany\VigoCarCompany.csproj", "{CF0DD3DF-A68E-41EE-825B-4813E9DE85CB}"
EndProject
Global
	GlobalSection(SolutionConfigurationPlatforms) = preSolution
		Debug|Any CPU = Debug|Any CPU
		Release|Any CPU = Release|Any CPU
	EndGlobalSection
	GlobalSection(ProjectConfigurationPlatforms) = postSolution
		{CF0DD3DF-A68E-41EE-825B-4813E9DE85CB}.Debug|Any CPU.ActiveCfg = Debug|Any CPU
		{CF0DD3DF-A68E-41EE-825B-4813E9DE85CB}.Debug|Any CPU.Build.0 = Debug|Any CPU
		{CF0DD3DF-A68E-41EE-825B-4813E9DE85CB}.Release|Any CPU.ActiveCfg = Release|Any CPU
		{CF0DD3DF-A68E-41EE-825B-4813E9DE85CB}.Release|Any CPU.Build.0 = Release|Any CPU
	EndGlobalSection
	GlobalSection(SolutionProperties) = preSolution
		HideSolutionNode = FALSE
	EndGlobalSection
	GlobalSection(ExtensibilityGlobals) = postSolution
		SolutionGuid = {D6392E77-0C30-4A84-87B4-3CF3560EFF7A}
	EndGlobalSection
EndGlobal
